// !$*UTF8*$!
{
	archiveVersion = 1;
	classes = {
	};
	objectVersion = 50;
	objects = {

/* Begin PBXBuildFile section */
		BC29569288E618D6346A805A /* libPods-iRWPickFlavor.a in Frameworks */ = {isa = PBXBuildFile; fileRef = C8D79973DC2331C8103E7CE1 /* libPods-iRWPickFlavor.a */; };
		E15A8C54213CB52D0046CC6F /* iRWPickFlavor.h in Headers */ = {isa = PBXBuildFile; fileRef = E15A8C52213CB52D0046CC6F /* iRWPickFlavor.h */; settings = {ATTRIBUTES = (Public, ); }; };
		E15A8C7C213DEB990046CC6F /* Assets.xcassets in Resources */ = {isa = PBXBuildFile; fileRef = E15A8C70213DEB980046CC6F /* Assets.xcassets */; };
		E15A8C7D213DEB990046CC6F /* Flavor.swift in Sources */ = {isa = PBXBuildFile; fileRef = E15A8C72213DEB980046CC6F /* Flavor.swift */; };
		E15A8C7E213DEB990046CC6F /* ScoopCell.swift in Sources */ = {isa = PBXBuildFile; fileRef = E15A8C74213DEB980046CC6F /* ScoopCell.swift */; };
		E15A8C7F213DEB990046CC6F /* ScoopView.swift in Sources */ = {isa = PBXBuildFile; fileRef = E15A8C75213DEB980046CC6F /* ScoopView.swift */; };
		E15A8C80213DEB990046CC6F /* IceCreamView.swift in Sources */ = {isa = PBXBuildFile; fileRef = E15A8C76213DEB980046CC6F /* IceCreamView.swift */; };
		E15A8C81213DEB990046CC6F /* PickFlavorViewController.swift in Sources */ = {isa = PBXBuildFile; fileRef = E15A8C78213DEB990046CC6F /* PickFlavorViewController.swift */; };
		E15A8C82213DEB990046CC6F /* PickFlavorDataSource.swift in Sources */ = {isa = PBXBuildFile; fileRef = E15A8C79213DEB990046CC6F /* PickFlavorDataSource.swift */; };
		E15A8C83213DEB990046CC6F /* RGBAColorFromString.swift in Sources */ = {isa = PBXBuildFile; fileRef = E15A8C7B213DEB990046CC6F /* RGBAColorFromString.swift */; };
		E15A8C85213DEC260046CC6F /* Main.storyboard in Resources */ = {isa = PBXBuildFile; fileRef = E15A8C84213DEC260046CC6F /* Main.storyboard */; };
/* End PBXBuildFile section */

/* Begin PBXFileReference section */
		7194557D8BBFA9F53639D254 /* Pods-iRWPickFlavor.release.xcconfig */ = {isa = PBXFileReference; includeInIndex = 1; lastKnownFileType = text.xcconfig; name = "Pods-iRWPickFlavor.release.xcconfig"; path = "Pods/Target Support Files/Pods-iRWPickFlavor/Pods-iRWPickFlavor.release.xcconfig"; sourceTree = "<group>"; };
		C8D79973DC2331C8103E7CE1 /* libPods-iRWPickFlavor.a */ = {isa = PBXFileReference; explicitFileType = archive.ar; includeInIndex = 0; path = "libPods-iRWPickFlavor.a"; sourceTree = BUILT_PRODUCTS_DIR; };
		E06BCFDF103A1C59E136852C /* Pods-iRWPickFlavor.debug.xcconfig */ = {isa = PBXFileReference; includeInIndex = 1; lastKnownFileType = text.xcconfig; name = "Pods-iRWPickFlavor.debug.xcconfig"; path = "Pods/Target Support Files/Pods-iRWPickFlavor/Pods-iRWPickFlavor.debug.xcconfig"; sourceTree = "<group>"; };
		E15A8C4F213CB52D0046CC6F /* iRWPickFlavor.framework */ = {isa = PBXFileReference; explicitFileType = wrapper.framework; includeInIndex = 0; path = iRWPickFlavor.framework; sourceTree = BUILT_PRODUCTS_DIR; };
		E15A8C52213CB52D0046CC6F /* iRWPickFlavor.h */ = {isa = PBXFileReference; lastKnownFileType = sourcecode.c.h; path = iRWPickFlavor.h; sourceTree = "<group>"; };
		E15A8C53213CB52D0046CC6F /* Info.plist */ = {isa = PBXFileReference; lastKnownFileType = text.plist.xml; path = Info.plist; sourceTree = "<group>"; };
		E15A8C70213DEB980046CC6F /* Assets.xcassets */ = {isa = PBXFileReference; lastKnownFileType = folder.assetcatalog; path = Assets.xcassets; sourceTree = "<group>"; };
		E15A8C72213DEB980046CC6F /* Flavor.swift */ = {isa = PBXFileReference; fileEncoding = 4; lastKnownFileType = sourcecode.swift; path = Flavor.swift; sourceTree = "<group>"; };
		E15A8C74213DEB980046CC6F /* ScoopCell.swift */ = {isa = PBXFileReference; fileEncoding = 4; lastKnownFileType = sourcecode.swift; path = ScoopCell.swift; sourceTree = "<group>"; };
		E15A8C75213DEB980046CC6F /* ScoopView.swift */ = {isa = PBXFileReference; fileEncoding = 4; lastKnownFileType = sourcecode.swift; path = ScoopView.swift; sourceTree = "<group>"; };
		E15A8C76213DEB980046CC6F /* IceCreamView.swift */ = {isa = PBXFileReference; fileEncoding = 4; lastKnownFileType = sourcecode.swift; path = IceCreamView.swift; sourceTree = "<group>"; };
		E15A8C78213DEB990046CC6F /* PickFlavorViewController.swift */ = {isa = PBXFileReference; fileEncoding = 4; lastKnownFileType = sourcecode.swift; path = PickFlavorViewController.swift; sourceTree = "<group>"; };
		E15A8C79213DEB990046CC6F /* PickFlavorDataSource.swift */ = {isa = PBXFileReference; fileEncoding = 4; lastKnownFileType = sourcecode.swift; path = PickFlavorDataSource.swift; sourceTree = "<group>"; };
		E15A8C7B213DEB990046CC6F /* RGBAColorFromString.swift */ = {isa = PBXFileReference; fileEncoding = 4; lastKnownFileType = sourcecode.swift; path = RGBAColorFromString.swift; sourceTree = "<group>"; };
		E15A8C84213DEC260046CC6F /* Main.storyboard */ = {isa = PBXFileReference; fileEncoding = 4; lastKnownFileType = file.storyboard; path = Main.storyboard; sourceTree = "<group>"; };
/* End PBXFileReference section */

/* Begin PBXFrameworksBuildPhase section */
		E15A8C4C213CB52D0046CC6F /* Frameworks */ = {
			isa = PBXFrameworksBuildPhase;
			buildActionMask = 2147483647;
			files = (
				BC29569288E618D6346A805A /* libPods-iRWPickFlavor.a in Frameworks */,
			);
			runOnlyForDeploymentPostprocessing = 0;
		};
/* End PBXFrameworksBuildPhase section */

/* Begin PBXGroup section */
		1C966DB9D4ED71B648DD8352 /* Frameworks */ = {
			isa = PBXGroup;
			children = (
				C8D79973DC2331C8103E7CE1 /* libPods-iRWPickFlavor.a */,
			);
			name = Frameworks;
			sourceTree = "<group>";
		};
		57E8F4BEC2E8F86DE37848EA /* Pods */ = {
			isa = PBXGroup;
			children = (
				E06BCFDF103A1C59E136852C /* Pods-iRWPickFlavor.debug.xcconfig */,
				7194557D8BBFA9F53639D254 /* Pods-iRWPickFlavor.release.xcconfig */,
			);
			name = Pods;
			sourceTree = "<group>";
		};
		E15A8C45213CB52C0046CC6F = {
			isa = PBXGroup;
			children = (
				E15A8C7A213DEB990046CC6F /* Categories */,
				E15A8C77213DEB990046CC6F /* Controllers */,
				E15A8C71213DEB980046CC6F /* Models */,
				E15A8C6F213DEB980046CC6F /* Resources */,
				E15A8C73213DEB980046CC6F /* Views */,
				E15A8C51213CB52D0046CC6F /* iRWPickFlavor */,
				E15A8C50213CB52D0046CC6F /* Products */,
				57E8F4BEC2E8F86DE37848EA /* Pods */,
				1C966DB9D4ED71B648DD8352 /* Frameworks */,
			);
			sourceTree = "<group>";
		};
		E15A8C50213CB52D0046CC6F /* Products */ = {
			isa = PBXGroup;
			children = (
				E15A8C4F213CB52D0046CC6F /* iRWPickFlavor.framework */,
			);
			name = Products;
			sourceTree = "<group>";
		};
		E15A8C51213CB52D0046CC6F /* iRWPickFlavor */ = {
			isa = PBXGroup;
			children = (
				E15A8C52213CB52D0046CC6F /* iRWPickFlavor.h */,
				E15A8C53213CB52D0046CC6F /* Info.plist */,
			);
			path = iRWPickFlavor;
			sourceTree = "<group>";
		};
		E15A8C6F213DEB980046CC6F /* Resources */ = {
			isa = PBXGroup;
			children = (
				E15A8C70213DEB980046CC6F /* Assets.xcassets */,
			);
			name = Resources;
			path = iRWPickFlavor/Resources;
			sourceTree = "<group>";
		};
		E15A8C71213DEB980046CC6F /* Models */ = {
			isa = PBXGroup;
			children = (
				E15A8C72213DEB980046CC6F /* Flavor.swift */,
			);
			name = Models;
			path = iRWPickFlavor/Models;
			sourceTree = "<group>";
		};
		E15A8C73213DEB980046CC6F /* Views */ = {
			isa = PBXGroup;
			children = (
				E15A8C74213DEB980046CC6F /* ScoopCell.swift */,
				E15A8C75213DEB980046CC6F /* ScoopView.swift */,
				E15A8C76213DEB980046CC6F /* IceCreamView.swift */,
				E15A8C84213DEC260046CC6F /* Main.storyboard */,
			);
			name = Views;
			path = iRWPickFlavor/Views;
			sourceTree = "<group>";
		};
		E15A8C77213DEB990046CC6F /* Controllers */ = {
			isa = PBXGroup;
			children = (
				E15A8C78213DEB990046CC6F /* PickFlavorViewController.swift */,
				E15A8C79213DEB990046CC6F /* PickFlavorDataSource.swift */,
			);
			name = Controllers;
			path = iRWPickFlavor/Controllers;
			sourceTree = "<group>";
		};
		E15A8C7A213DEB990046CC6F /* Categories */ = {
			isa = PBXGroup;
			children = (
				E15A8C7B213DEB990046CC6F /* RGBAColorFromString.swift */,
			);
			name = Categories;
			path = iRWPickFlavor/Categories;
			sourceTree = "<group>";
		};
/* End PBXGroup section */

/* Begin PBXHeadersBuildPhase section */
		E15A8C4A213CB52D0046CC6F /* Headers */ = {
			isa = PBXHeadersBuildPhase;
			buildActionMask = 2147483647;
			files = (
				E15A8C54213CB52D0046CC6F /* iRWPickFlavor.h in Headers */,
			);
			runOnlyForDeploymentPostprocessing = 0;
		};
/* End PBXHeadersBuildPhase section */

/* Begin PBXNativeTarget section */
		E15A8C4E213CB52D0046CC6F /* iRWPickFlavor */ = {
			isa = PBXNativeTarget;
			buildConfigurationList = E15A8C57213CB52D0046CC6F /* Build configuration list for PBXNativeTarget "iRWPickFlavor" */;
			buildPhases = (
				E1ABFE55D66FA2A39F81DBF7 /* [CP] Check Pods Manifest.lock */,
				E15A8C4A213CB52D0046CC6F /* Headers */,
				E15A8C4B213CB52D0046CC6F /* Sources */,
				E15A8C4C213CB52D0046CC6F /* Frameworks */,
				E15A8C4D213CB52D0046CC6F /* Resources */,
			);
			buildRules = (
			);
			dependencies = (
			);
			name = iRWPickFlavor;
			productName = iRWPickFlavor;
			productReference = E15A8C4F213CB52D0046CC6F /* iRWPickFlavor.framework */;
			productType = "com.apple.product-type.framework";
		};
/* End PBXNativeTarget section */

/* Begin PBXProject section */
		E15A8C46213CB52C0046CC6F /* Project object */ = {
			isa = PBXProject;
			attributes = {
				LastUpgradeCheck = 1000;
				ORGANIZATIONNAME = isshie;
				TargetAttributes = {
					E15A8C4E213CB52D0046CC6F = {
						CreatedOnToolsVersion = 10.0;
					};
				};
			};
			buildConfigurationList = E15A8C49213CB52C0046CC6F /* Build configuration list for PBXProject "iRWPickFlavor" */;
			compatibilityVersion = "Xcode 9.3";
			developmentRegion = en;
			hasScannedForEncodings = 0;
			knownRegions = (
				en,
			);
			mainGroup = E15A8C45213CB52C0046CC6F;
			productRefGroup = E15A8C50213CB52D0046CC6F /* Products */;
			projectDirPath = "";
			projectRoot = "";
			targets = (
				E15A8C4E213CB52D0046CC6F /* iRWPickFlavor */,
			);
		};
/* End PBXProject section */

/* Begin PBXResourcesBuildPhase section */
		E15A8C4D213CB52D0046CC6F /* Resources */ = {
			isa = PBXResourcesBuildPhase;
			buildActionMask = 2147483647;
			files = (
				E15A8C7C213DEB990046CC6F /* Assets.xcassets in Resources */,
				E15A8C85213DEC260046CC6F /* Main.storyboard in Resources */,
			);
			runOnlyForDeploymentPostprocessing = 0;
		};
/* End PBXResourcesBuildPhase section */

/* Begin PBXShellScriptBuildPhase section */
		E1ABFE55D66FA2A39F81DBF7 /* [CP] Check Pods Manifest.lock */ = {
			isa = PBXShellScriptBuildPhase;
			buildActionMask = 2147483647;
			files = (
			);
			inputFileListPaths = (
			);
			inputPaths = (
				"${PODS_PODFILE_DIR_PATH}/Podfile.lock",
				"${PODS_ROOT}/Manifest.lock",
			);
			name = "[CP] Check Pods Manifest.lock";
			outputFileListPaths = (
			);
			outputPaths = (
				"$(DERIVED_FILE_DIR)/Pods-iRWPickFlavor-checkManifestLockResult.txt",
			);
			runOnlyForDeploymentPostprocessing = 0;
			shellPath = /bin/sh;
			shellScript = "diff \"${PODS_PODFILE_DIR_PATH}/Podfile.lock\" \"${PODS_ROOT}/Manifest.lock\" > /dev/null\nif [ $? != 0 ] ; then\n    # print error to STDERR\n    echo \"error: The sandbox is not in sync with the Podfile.lock. Run 'pod install' or update your CocoaPods installation.\" >&2\n    exit 1\nfi\n# This output is used by Xcode 'outputs' to avoid re-running this script phase.\necho \"SUCCESS\" > \"${SCRIPT_OUTPUT_FILE_0}\"\n";
			showEnvVarsInLog = 0;
		};
/* End PBXShellScriptBuildPhase section */

/* Begin PBXSourcesBuildPhase section */
		E15A8C4B213CB52D0046CC6F /* Sources */ = {
			isa = PBXSourcesBuildPhase;
			buildActionMask = 2147483647;
			files = (
				E15A8C83213DEB990046CC6F /* RGBAColorFromString.swift in Sources */,
				E15A8C7E213DEB990046CC6F /* ScoopCell.swift in Sources */,
				E15A8C82213DEB990046CC6F /* PickFlavorDataSource.swift in Sources */,
				E15A8C80213DEB990046CC6F /* IceCreamView.swift in Sources */,
				E15A8C7D213DEB990046CC6F /* Flavor.swift in Sources */,
				E15A8C7F213DEB990046CC6F /* ScoopView.swift in Sources */,
				E15A8C81213DEB990046CC6F /* PickFlavorViewController.swift in Sources */,
			);
			runOnlyForDeploymentPostprocessing = 0;
		};
/* End PBXSourcesBuildPhase section */

/* Begin XCBuildConfiguration section */
		E15A8C55213CB52D0046CC6F /* Debug */ = {
			isa = XCBuildConfiguration;
			buildSettings = {
				ALWAYS_SEARCH_USER_PATHS = NO;
				CLANG_ANALYZER_NONNULL = YES;
				CLANG_ANALYZER_NUMBER_OBJECT_CONVERSION = YES_AGGRESSIVE;
				CLANG_CXX_LANGUAGE_STANDARD = "gnu++14";
				CLANG_CXX_LIBRARY = "libc++";
				CLANG_ENABLE_MODULES = YES;
				CLANG_ENABLE_OBJC_ARC = YES;
				CLANG_ENABLE_OBJC_WEAK = YES;
				CLANG_WARN_BLOCK_CAPTURE_AUTORELEASING = YES;
				CLANG_WARN_BOOL_CONVERSION = YES;
				CLANG_WARN_COMMA = YES;
				CLANG_WARN_CONSTANT_CONVERSION = YES;
				CLANG_WARN_DEPRECATED_OBJC_IMPLEMENTATIONS = YES;
				CLANG_WARN_DIRECT_OBJC_ISA_USAGE = YES_ERROR;
				CLANG_WARN_DOCUMENTATION_COMMENTS = YES;
				CLANG_WARN_EMPTY_BODY = YES;
				CLANG_WARN_ENUM_CONVERSION = YES;
				CLANG_WARN_INFINITE_RECURSION = YES;
				CLANG_WARN_INT_CONVERSION = YES;
				CLANG_WARN_NON_LITERAL_NULL_CONVERSION = YES;
				CLANG_WARN_OBJC_IMPLICIT_RETAIN_SELF = YES;
				CLANG_WARN_OBJC_LITERAL_CONVERSION = YES;
				CLANG_WARN_OBJC_ROOT_CLASS = YES_ERROR;
				CLANG_WARN_RANGE_LOOP_ANALYSIS = YES;
				CLANG_WARN_STRICT_PROTOTYPES = YES;
				CLANG_WARN_SUSPICIOUS_MOVE = YES;
				CLANG_WARN_UNGUARDED_AVAILABILITY = YES_AGGRESSIVE;
				CLANG_WARN_UNREACHABLE_CODE = YES;
				CLANG_WARN__DUPLICATE_METHOD_MATCH = YES;
				CODE_SIGN_IDENTITY = "iPhone Developer";
				COPY_PHASE_STRIP = NO;
				CURRENT_PROJECT_VERSION = 1;
				DEBUG_INFORMATION_FORMAT = dwarf;
				ENABLE_STRICT_OBJC_MSGSEND = YES;
				ENABLE_TESTABILITY = YES;
				GCC_C_LANGUAGE_STANDARD = gnu11;
				GCC_DYNAMIC_NO_PIC = NO;
				GCC_NO_COMMON_BLOCKS = YES;
				GCC_OPTIMIZATION_LEVEL = 0;
				GCC_PREPROCESSOR_DEFINITIONS = (
					"DEBUG=1",
					"$(inherited)",
				);
				GCC_WARN_64_TO_32_BIT_CONVERSION = YES;
				GCC_WARN_ABOUT_RETURN_TYPE = YES_ERROR;
				GCC_WARN_UNDECLARED_SELECTOR = YES;
				GCC_WARN_UNINITIALIZED_AUTOS = YES_AGGRESSIVE;
				GCC_WARN_UNUSED_FUNCTION = YES;
				GCC_WARN_UNUSED_VARIABLE = YES;
				IPHONEOS_DEPLOYMENT_TARGET = 12.0;
				MTL_ENABLE_DEBUG_INFO = INCLUDE_SOURCE;
				MTL_FAST_MATH = YES;
				ONLY_ACTIVE_ARCH = YES;
				SDKROOT = iphoneos;
				SWIFT_ACTIVE_COMPILATION_CONDITIONS = DEBUG;
				SWIFT_OPTIMIZATION_LEVEL = "-Onone";
				VERSIONING_SYSTEM = "apple-generic";
				VERSION_INFO_PREFIX = "";
			};
			name = Debug;
		};
		E15A8C56213CB52D0046CC6F /* Release */ = {
			isa = XCBuildConfiguration;
			buildSettings = {
				ALWAYS_SEARCH_USER_PATHS = NO;
				CLANG_ANALYZER_NONNULL = YES;
				CLANG_ANALYZER_NUMBER_OBJECT_CONVERSION = YES_AGGRESSIVE;
				CLANG_CXX_LANGUAGE_STANDARD = "gnu++14";
				CLANG_CXX_LIBRARY = "libc++";
				CLANG_ENABLE_MODULES = YES;
				CLANG_ENABLE_OBJC_ARC = YES;
				CLANG_ENABLE_OBJC_WEAK = YES;
				CLANG_WARN_BLOCK_CAPTURE_AUTORELEASING = YES;
				CLANG_WARN_BOOL_CONVERSION = YES;
				CLANG_WARN_COMMA = YES;
				CLANG_WARN_CONSTANT_CONVERSION = YES;
				CLANG_WARN_DEPRECATED_OBJC_IMPLEMENTATIONS = YES;
				CLANG_WARN_DIRECT_OBJC_ISA_USAGE = YES_ERROR;
				CLANG_WARN_DOCUMENTATION_COMMENTS = YES;
				CLANG_WARN_EMPTY_BODY = YES;
				CLANG_WARN_ENUM_CONVERSION = YES;
				CLANG_WARN_INFINITE_RECURSION = YES;
				CLANG_WARN_INT_CONVERSION = YES;
				CLANG_WARN_NON_LITERAL_NULL_CONVERSION = YES;
				CLANG_WARN_OBJC_IMPLICIT_RETAIN_SELF = YES;
				CLANG_WARN_OBJC_LITERAL_CONVERSION = YES;
				CLANG_WARN_OBJC_ROOT_CLASS = YES_ERROR;
				CLANG_WARN_RANGE_LOOP_ANALYSIS = YES;
				CLANG_WARN_STRICT_PROTOTYPES = YES;
				CLANG_WARN_SUSPICIOUS_MOVE = YES;
				CLANG_WARN_UNGUARDED_AVAILABILITY = YES_AGGRESSIVE;
				CLANG_WARN_UNREACHABLE_CODE = YES;
				CLANG_WARN__DUPLICATE_METHOD_MATCH = YES;
				CODE_SIGN_IDENTITY = "iPhone Developer";
				COPY_PHASE_STRIP = NO;
				CURRENT_PROJECT_VERSION = 1;
				DEBUG_INFORMATION_FORMAT = "dwarf-with-dsym";
				ENABLE_NS_ASSERTIONS = NO;
				ENABLE_STRICT_OBJC_MSGSEND = YES;
				GCC_C_LANGUAGE_STANDARD = gnu11;
				GCC_NO_COMMON_BLOCKS = YES;
				GCC_WARN_64_TO_32_BIT_CONVERSION = YES;
				GCC_WARN_ABOUT_RETURN_TYPE = YES_ERROR;
				GCC_WARN_UNDECLARED_SELECTOR = YES;
				GCC_WARN_UNINITIALIZED_AUTOS = YES_AGGRESSIVE;
				GCC_WARN_UNUSED_FUNCTION = YES;
				GCC_WARN_UNUSED_VARIABLE = YES;
				IPHONEOS_DEPLOYMENT_TARGET = 12.0;
				MTL_ENABLE_DEBUG_INFO = NO;
				MTL_FAST_MATH = YES;
				SDKROOT = iphoneos;
				SWIFT_COMPILATION_MODE = wholemodule;
				SWIFT_OPTIMIZATION_LEVEL = "-O";
				VALIDATE_PRODUCT = YES;
				VERSIONING_SYSTEM = "apple-generic";
				VERSION_INFO_PREFIX = "";
			};
			name = Release;
		};
		E15A8C58213CB52D0046CC6F /* Debug */ = {
			isa = XCBuildConfiguration;
			baseConfigurationReference = E06BCFDF103A1C59E136852C /* Pods-iRWPickFlavor.debug.xcconfig */;
			buildSettings = {
				CODE_SIGN_IDENTITY = "";
				CODE_SIGN_STYLE = Automatic;
				DEFINES_MODULE = YES;
				DEVELOPMENT_TEAM = PHNZZF2R45;
				DYLIB_COMPATIBILITY_VERSION = 1;
				DYLIB_CURRENT_VERSION = 1;
				DYLIB_INSTALL_NAME_BASE = "@rpath";
				INFOPLIST_FILE = iRWPickFlavor/Info.plist;
				INSTALL_PATH = "$(LOCAL_LIBRARY_DIR)/Frameworks";
				LD_RUNPATH_SEARCH_PATHS = (
					"$(inherited)",
					"@executable_path/Frameworks",
					"@loader_path/Frameworks",
				);
				PRODUCT_BUNDLE_IDENTIFIER = com.ishi.iRWPickFlavor;
				PRODUCT_NAME = "$(TARGET_NAME:c99extidentifier)";
				SKIP_INSTALL = YES;
				SWIFT_VERSION = 4.2;
				TARGETED_DEVICE_FAMILY = "1,2";
			};
			name = Debug;
		};
		E15A8C59213CB52D0046CC6F /* Release */ = {
			isa = XCBuildConfiguration;
			baseConfigurationReference = 7194557D8BBFA9F53639D254 /* Pods-iRWPickFlavor.release.xcconfig */;
			buildSettings = {
				CODE_SIGN_IDENTITY = "";
				CODE_SIGN_STYLE = Automatic;
				DEFINES_MODULE = YES;
				DEVELOPMENT_TEAM = PHNZZF2R45;
				DYLIB_COMPATIBILITY_VERSION = 1;
				DYLIB_CURRENT_VERSION = 1;
				DYLIB_INSTALL_NAME_BASE = "@rpath";
				INFOPLIST_FILE = iRWPickFlavor/Info.plist;
				INSTALL_PATH = "$(LOCAL_LIBRARY_DIR)/Frameworks";
				LD_RUNPATH_SEARCH_PATHS = (
					"$(inherited)",
					"@executable_path/Frameworks",
					"@loader_path/Frameworks",
				);
				PRODUCT_BUNDLE_IDENTIFIER = com.ishi.iRWPickFlavor;
				PRODUCT_NAME = "$(TARGET_NAME:c99extidentifier)";
				SKIP_INSTALL = YES;
				SWIFT_VERSION = 4.2;
				TARGETED_DEVICE_FAMILY = "1,2";
			};
			name = Release;
		};
/* End XCBuildConfiguration section */

/* Begin XCConfigurationList section */
		E15A8C49213CB52C0046CC6F /* Build configuration list for PBXProject "iRWPickFlavor" */ = {
			isa = XCConfigurationList;
			buildConfigurations = (
				E15A8C55213CB52D0046CC6F /* Debug */,
				E15A8C56213CB52D0046CC6F /* Release */,
			);
			defaultConfigurationIsVisible = 0;
			defaultConfigurationName = Release;
		};
		E15A8C57213CB52D0046CC6F /* Build configuration list for PBXNativeTarget "iRWPickFlavor" */ = {
			isa = XCConfigurationList;
			buildConfigurations = (
				E15A8C58213CB52D0046CC6F /* Debug */,
				E15A8C59213CB52D0046CC6F /* Release */,
			);
			defaultConfigurationIsVisible = 0;
			defaultConfigurationName = Release;
		};
/* End XCConfigurationList section */
	};
	rootObject = E15A8C46213CB52C0046CC6F /* Project object */;
}
